Microsoft Visual Studio Solution File, Format Version 11.00
# Visual Studio 2008

Project("{D1D64CD4-913B-BC00-843C-17D7C05F9F17}") = "LLeaves", "Assembly-CSharp.csproj", "{F3612D0F-4921-0888-521E-4E3EAFC28818}"
EndProject
Project("{D1D64CD4-913B-BC00-843C-17D7C05F9F17}") = "LLeaves", "Assembly-UnityScript.unityproj", "{356689EB-052F-CF96-E6E5-65C0E813E99D}"
EndProject
Global
	GlobalSection(SolutionConfigurationPlatforms) = preSolution
		Debug|Any CPU = Debug|Any CPU
		Release|Any CPU = Release|Any CPU
	EndGlobalSection
	GlobalSection(ProjectConfigurationPlatforms) = postSolution
		{F3612D0F-4921-0888-521E-4E3EAFC28818}.Debug|Any CPU.ActiveCfg = Debug|Any CPU
		{F3612D0F-4921-0888-521E-4E3EAFC28818}.Debug|Any CPU.Build.0 = Debug|Any CPU
		{F3612D0F-4921-0888-521E-4E3EAFC28818}.Release|Any CPU.ActiveCfg = Release|Any CPU
		{F3612D0F-4921-0888-521E-4E3EAFC28818}.Release|Any CPU.Build.0 = Release|Any CPU
		{356689EB-052F-CF96-E6E5-65C0E813E99D}.Debug|Any CPU.ActiveCfg = Debug|Any CPU
		{356689EB-052F-CF96-E6E5-65C0E813E99D}.Debug|Any CPU.Build.0 = Debug|Any CPU
		{356689EB-052F-CF96-E6E5-65C0E813E99D}.Release|Any CPU.ActiveCfg = Release|Any CPU
		{356689EB-052F-CF96-E6E5-65C0E813E99D}.Release|Any CPU.Build.0 = Release|Any CPU
	EndGlobalSection
	GlobalSection(SolutionProperties) = preSolution
		HideSolutionNode = FALSE
	EndGlobalSection
		GlobalSection(MonoDevelopProperties) = preSolution
		StartupItem = Assembly-CSharp.csproj
		Policies = $0
		$0.TextStylePolicy = $1
		$1.inheritsSet = null
		$1.scope = text/x-csharp
		$0.CSharpFormattingPolicy = $2
		$2.inheritsSet = Mono
		$2.inheritsScope = text/x-csharp
		$2.scope = text/x-csharp
		$0.TextStylePolicy = $3
		$3.FileWidth = 120
		$3.TabWidth = 4
		$3.EolMarker = Unix
		$3.inheritsSet = Mono
		$3.inheritsScope = text/plain
		$3.scope = text/plain
	EndGlobalSection

EndGlobal
